// !$*UTF8*$!
{
	archiveVersion = 1;
	classes = {
	};
	objectVersion = 50;
	objects = {

/* Begin PBXBuildFile section */
		5803D7AB21EE3F8F00171FD9 /* MainNavigationVC.swift in Sources */ = {isa = PBXBuildFile; fileRef = 5803D7AA21EE3F8F00171FD9 /* MainNavigationVC.swift */; };
		5803D7AE21EE4CCF00171FD9 /* TableViewCell.swift in Sources */ = {isa = PBXBuildFile; fileRef = 5803D7AC21EE4CCF00171FD9 /* TableViewCell.swift */; };
		5803D7AF21EE4CCF00171FD9 /* TableViewCell.xib in Resources */ = {isa = PBXBuildFile; fileRef = 5803D7AD21EE4CCF00171FD9 /* TableViewCell.xib */; };
		5803D7B321EF379E00171FD9 /* FactModel.swift in Sources */ = {isa = PBXBuildFile; fileRef = 5803D7B221EF379E00171FD9 /* FactModel.swift */; };
		580C924021EB756200AF404C /* LoginVC.swift in Sources */ = {isa = PBXBuildFile; fileRef = 580C923F21EB756200AF404C /* LoginVC.swift */; };
		580C924421EC889100AF404C /* Helper.swift in Sources */ = {isa = PBXBuildFile; fileRef = 580C924321EC889000AF404C /* Helper.swift */; };
		58925C5C21ED0B110068B09C /* CatFactsVC.swift in Sources */ = {isa = PBXBuildFile; fileRef = 58925C5B21ED0B110068B09C /* CatFactsVC.swift */; };
		58FBFC1C21EB39F9009D5A52 /* AppDelegate.swift in Sources */ = {isa = PBXBuildFile; fileRef = 58FBFC1B21EB39F9009D5A52 /* AppDelegate.swift */; };
		58FBFC1E21EB39F9009D5A52 /* RegisterVC.swift in Sources */ = {isa = PBXBuildFile; fileRef = 58FBFC1D21EB39F9009D5A52 /* RegisterVC.swift */; };
		58FBFC2121EB39F9009D5A52 /* Main.storyboard in Resources */ = {isa = PBXBuildFile; fileRef = 58FBFC1F21EB39F9009D5A52 /* Main.storyboard */; };
		58FBFC2621EB39FA009D5A52 /* Assets.xcassets in Resources */ = {isa = PBXBuildFile; fileRef = 58FBFC2521EB39FA009D5A52 /* Assets.xcassets */; };
		58FBFC2921EB39FA009D5A52 /* LaunchScreen.storyboard in Resources */ = {isa = PBXBuildFile; fileRef = 58FBFC2721EB39FA009D5A52 /* LaunchScreen.storyboard */; };
		88F13E02A4FA02F19C8B1509 /* Pods_cats_facts.framework in Frameworks */ = {isa = PBXBuildFile; fileRef = 0D42575C83C0801CEC7B0974 /* Pods_cats_facts.framework */; };
/* End PBXBuildFile section */

/* Begin PBXFileReference section */
		0D42575C83C0801CEC7B0974 /* Pods_cats_facts.framework */ = {isa = PBXFileReference; explicitFileType = wrapper.framework; includeInIndex = 0; path = Pods_cats_facts.framework; sourceTree = BUILT_PRODUCTS_DIR; };
		48605B8ABD8E9A63DFB4E4DB /* Pods-cats_facts.debug.xcconfig */ = {isa = PBXFileReference; includeInIndex = 1; lastKnownFileType = text.xcconfig; name = "Pods-cats_facts.debug.xcconfig"; path = "Pods/Target Support Files/Pods-cats_facts/Pods-cats_facts.debug.xcconfig"; sourceTree = "<group>"; };
		5803D7AA21EE3F8F00171FD9 /* MainNavigationVC.swift */ = {isa = PBXFileReference; lastKnownFileType = sourcecode.swift; name = MainNavigationVC.swift; path = ../View/MainNavigationVC.swift; sourceTree = "<group>"; };
		5803D7AC21EE4CCF00171FD9 /* TableViewCell.swift */ = {isa = PBXFileReference; lastKnownFileType = sourcecode.swift; path = TableViewCell.swift; sourceTree = "<group>"; };
		5803D7AD21EE4CCF00171FD9 /* TableViewCell.xib */ = {isa = PBXFileReference; lastKnownFileType = file.xib; path = TableViewCell.xib; sourceTree = "<group>"; };
		5803D7B221EF379E00171FD9 /* FactModel.swift */ = {isa = PBXFileReference; lastKnownFileType = sourcecode.swift; path = FactModel.swift; sourceTree = "<group>"; };
		580C923F21EB756200AF404C /* LoginVC.swift */ = {isa = PBXFileReference; lastKnownFileType = sourcecode.swift; path = LoginVC.swift; sourceTree = "<group>"; };
		580C924321EC889000AF404C /* Helper.swift */ = {isa = PBXFileReference; lastKnownFileType = sourcecode.swift; path = Helper.swift; sourceTree = "<group>"; };
		58925C5B21ED0B110068B09C /* CatFactsVC.swift */ = {isa = PBXFileReference; lastKnownFileType = sourcecode.swift; path = CatFactsVC.swift; sourceTree = "<group>"; };
		58FBFC1821EB39F9009D5A52 /* cats_facts.app */ = {isa = PBXFileReference; explicitFileType = wrapper.application; includeInIndex = 0; path = cats_facts.app; sourceTree = BUILT_PRODUCTS_DIR; };
		58FBFC1B21EB39F9009D5A52 /* AppDelegate.swift */ = {isa = PBXFileReference; lastKnownFileType = sourcecode.swift; path = AppDelegate.swift; sourceTree = "<group>"; };
		58FBFC1D21EB39F9009D5A52 /* RegisterVC.swift */ = {isa = PBXFileReference; lastKnownFileType = sourcecode.swift; path = RegisterVC.swift; sourceTree = "<group>"; };
		58FBFC2021EB39F9009D5A52 /* Base */ = {isa = PBXFileReference; lastKnownFileType = file.storyboard; name = Base; path = Base.lproj/Main.storyboard; sourceTree = "<group>"; };
		58FBFC2521EB39FA009D5A52 /* Assets.xcassets */ = {isa = PBXFileReference; lastKnownFileType = folder.assetcatalog; path = Assets.xcassets; sourceTree = "<group>"; };
		58FBFC2821EB39FA009D5A52 /* Base */ = {isa = PBXFileReference; lastKnownFileType = file.storyboard; name = Base; path = Base.lproj/LaunchScreen.storyboard; sourceTree = "<group>"; };
		58FBFC2A21EB39FA009D5A52 /* Info.plist */ = {isa = PBXFileReference; lastKnownFileType = text.plist.xml; path = Info.plist; sourceTree = "<group>"; };
		E479C37A50C8F8579FF1D460 /* Pods-cats_facts.release.xcconfig */ = {isa = PBXFileReference; includeInIndex = 1; lastKnownFileType = text.xcconfig; name = "Pods-cats_facts.release.xcconfig"; path = "Pods/Target Support Files/Pods-cats_facts/Pods-cats_facts.release.xcconfig"; sourceTree = "<group>"; };
/* End PBXFileReference section */

/* Begin PBXFrameworksBuildPhase section */
		58FBFC1521EB39F9009D5A52 /* Frameworks */ = {
			isa = PBXFrameworksBuildPhase;
			buildActionMask = 2147483647;
			files = (
				88F13E02A4FA02F19C8B1509 /* Pods_cats_facts.framework in Frameworks */,
			);
			runOnlyForDeploymentPostprocessing = 0;
		};
/* End PBXFrameworksBuildPhase section */

/* Begin PBXGroup section */
		53A26CB5084F935C12DD2A24 /* Frameworks */ = {
			isa = PBXGroup;
			children = (
				0D42575C83C0801CEC7B0974 /* Pods_cats_facts.framework */,
			);
			name = Frameworks;
			sourceTree = "<group>";
		};
		580C924521ECACE900AF404C /* Controller */ = {
			isa = PBXGroup;
			children = (
				58FBFC1D21EB39F9009D5A52 /* RegisterVC.swift */,
				580C923F21EB756200AF404C /* LoginVC.swift */,
				58FBFC1B21EB39F9009D5A52 /* AppDelegate.swift */,
				5803D7AA21EE3F8F00171FD9 /* MainNavigationVC.swift */,
				58925C5B21ED0B110068B09C /* CatFactsVC.swift */,
			);
			path = Controller;
			sourceTree = "<group>";
		};
		58925C5921ECFE5F0068B09C /* View */ = {
			isa = PBXGroup;
			children = (
				58FBFC1F21EB39F9009D5A52 /* Main.storyboard */,
				58FBFC2721EB39FA009D5A52 /* LaunchScreen.storyboard */,
				5803D7AC21EE4CCF00171FD9 /* TableViewCell.swift */,
				5803D7AD21EE4CCF00171FD9 /* TableViewCell.xib */,
			);
			path = View;
			sourceTree = "<group>";
		};
		58925C5A21ECFE820068B09C /* Model */ = {
			isa = PBXGroup;
			children = (
				5803D7B221EF379E00171FD9 /* FactModel.swift */,
			);
			path = Model;
			sourceTree = "<group>";
		};
		58FBFC0F21EB39F9009D5A52 = {
			isa = PBXGroup;
			children = (
				58FBFC1A21EB39F9009D5A52 /* cats_facts */,
				58FBFC1921EB39F9009D5A52 /* Products */,
				92F0D0B3D4A68C04508579EF /* Pods */,
				53A26CB5084F935C12DD2A24 /* Frameworks */,
			);
			sourceTree = "<group>";
		};
		58FBFC1921EB39F9009D5A52 /* Products */ = {
			isa = PBXGroup;
			children = (
				58FBFC1821EB39F9009D5A52 /* cats_facts.app */,
			);
			name = Products;
			sourceTree = "<group>";
		};
		58FBFC1A21EB39F9009D5A52 /* cats_facts */ = {
			isa = PBXGroup;
			children = (
				58925C5A21ECFE820068B09C /* Model */,
				58925C5921ECFE5F0068B09C /* View */,
				580C924521ECACE900AF404C /* Controller */,
				58FBFC2521EB39FA009D5A52 /* Assets.xcassets */,
				58FBFC2A21EB39FA009D5A52 /* Info.plist */,
				580C924321EC889000AF404C /* Helper.swift */,
			);
			path = cats_facts;
			sourceTree = "<group>";
		};
		92F0D0B3D4A68C04508579EF /* Pods */ = {
			isa = PBXGroup;
			children = (
				48605B8ABD8E9A63DFB4E4DB /* Pods-cats_facts.debug.xcconfig */,
				E479C37A50C8F8579FF1D460 /* Pods-cats_facts.release.xcconfig */,
			);
			name = Pods;
			sourceTree = "<group>";
		};
/* End PBXGroup section */

/* Begin PBXNativeTarget section */
		58FBFC1721EB39F9009D5A52 /* cats_facts */ = {
			isa = PBXNativeTarget;
			buildConfigurationList = 58FBFC2D21EB39FA009D5A52 /* Build configuration list for PBXNativeTarget "cats_facts" */;
			buildPhases = (
				6C4DD361450501D1EED1F4A3 /* [CP] Check Pods Manifest.lock */,
				58FBFC1421EB39F9009D5A52 /* Sources */,
				58FBFC1521EB39F9009D5A52 /* Frameworks */,
				58FBFC1621EB39F9009D5A52 /* Resources */,
				A7781D1F06A034E8155BC9B0 /* [CP] Embed Pods Frameworks */,
			);
			buildRules = (
			);
			dependencies = (
			);
			name = cats_facts;
			productName = cats_facts;
			productReference = 58FBFC1821EB39F9009D5A52 /* cats_facts.app */;
			productType = "com.apple.product-type.application";
		};
/* End PBXNativeTarget section */

/* Begin PBXProject section */
		58FBFC1021EB39F9009D5A52 /* Project object */ = {
			isa = PBXProject;
			attributes = {
				LastSwiftUpdateCheck = 1010;
				LastUpgradeCheck = 1010;
				ORGANIZATIONNAME = "Angelina Friz";
				TargetAttributes = {
					58FBFC1721EB39F9009D5A52 = {
						CreatedOnToolsVersion = 10.1;
					};
				};
			};
			buildConfigurationList = 58FBFC1321EB39F9009D5A52 /* Build configuration list for PBXProject "cats_facts" */;
			compatibilityVersion = "Xcode 9.3";
			developmentRegion = en;
			hasScannedForEncodings = 0;
			knownRegions = (
				en,
				Base,
			);
			mainGroup = 58FBFC0F21EB39F9009D5A52;
			productRefGroup = 58FBFC1921EB39F9009D5A52 /* Products */;
			projectDirPath = "";
			projectRoot = "";
			targets = (
				58FBFC1721EB39F9009D5A52 /* cats_facts */,
			);
		};
/* End PBXProject section */

/* Begin PBXResourcesBuildPhase section */
		58FBFC1621EB39F9009D5A52 /* Resources */ = {
			isa = PBXResourcesBuildPhase;
			buildActionMask = 2147483647;
			files = (
				58FBFC2921EB39FA009D5A52 /* LaunchScreen.storyboard in Resources */,
				5803D7AF21EE4CCF00171FD9 /* TableViewCell.xib in Resources */,
				58FBFC2621EB39FA009D5A52 /* Assets.xcassets in Resources */,
				58FBFC2121EB39F9009D5A52 /* Main.storyboard in Resources */,
			);
			runOnlyForDeploymentPostprocessing = 0;
		};
/* End PBXResourcesBuildPhase section */

/* Begin PBXShellScriptBuildPhase section */
		6C4DD361450501D1EED1F4A3 /* [CP] Check Pods Manifest.lock */ = {
			isa = PBXShellScriptBuildPhase;
			buildActionMask = 2147483647;
			files = (
			);
			inputPaths = (
				"${PODS_PODFILE_DIR_PATH}/Podfile.lock",
				"${PODS_ROOT}/Manifest.lock",
			);
			name = "[CP] Check Pods Manifest.lock";
			outputPaths = (
				"$(DERIVED_FILE_DIR)/Pods-cats_facts-checkManifestLockResult.txt",
			);
			runOnlyForDeploymentPostprocessing = 0;
			shellPath = /bin/sh;
			shellScript = "diff \"${PODS_PODFILE_DIR_PATH}/Podfile.lock\" \"${PODS_ROOT}/Manifest.lock\" > /dev/null\nif [ $? != 0 ] ; then\n    # print error to STDERR\n    echo \"error: The sandbox is not in sync with the Podfile.lock. Run 'pod install' or update your CocoaPods installation.\" >&2\n    exit 1\nfi\n# This output is used by Xcode 'outputs' to avoid re-running this script phase.\necho \"SUCCESS\" > \"${SCRIPT_OUTPUT_FILE_0}\"\n";
			showEnvVarsInLog = 0;
		};
		A7781D1F06A034E8155BC9B0 /* [CP] Embed Pods Frameworks */ = {
			isa = PBXShellScriptBuildPhase;
			buildActionMask = 2147483647;
			files = (
			);
			inputPaths = (
				"${SRCROOT}/Pods/Target Support Files/Pods-cats_facts/Pods-cats_facts-frameworks.sh",
				"${BUILT_PRODUCTS_DIR}/Alamofire/Alamofire.framework",
				"${BUILT_PRODUCTS_DIR}/SwiftyJSON/SwiftyJSON.framework",
			);
			name = "[CP] Embed Pods Frameworks";
			outputPaths = (
				"${TARGET_BUILD_DIR}/${FRAMEWORKS_FOLDER_PATH}/Alamofire.framework",
				"${TARGET_BUILD_DIR}/${FRAMEWORKS_FOLDER_PATH}/SwiftyJSON.framework",
			);
			runOnlyForDeploymentPostprocessing = 0;
			shellPath = /bin/sh;
			shellScript = "\"${SRCROOT}/Pods/Target Support Files/Pods-cats_facts/Pods-cats_facts-frameworks.sh\"\n";
			showEnvVarsInLog = 0;
		};
/* End PBXShellScriptBuildPhase section */

/* Begin PBXSourcesBuildPhase section */
		58FBFC1421EB39F9009D5A52 /* Sources */ = {
			isa = PBXSourcesBuildPhase;
			buildActionMask = 2147483647;
			files = (
				58925C5C21ED0B110068B09C /* CatFactsVC.swift in Sources */,
				5803D7B321EF379E00171FD9 /* FactModel.swift in Sources */,
				58FBFC1E21EB39F9009D5A52 /* RegisterVC.swift in Sources */,
				580C924421EC889100AF404C /* Helper.swift in Sources */,
				5803D7AB21EE3F8F00171FD9 /* MainNavigationVC.swift in Sources */,
				58FBFC1C21EB39F9009D5A52 /* AppDelegate.swift in Sources */,
				5803D7AE21EE4CCF00171FD9 /* TableViewCell.swift in Sources */,
				580C924021EB756200AF404C /* LoginVC.swift in Sources */,
			);
			runOnlyForDeploymentPostprocessing = 0;
		};
/* End PBXSourcesBuildPhase section */

/* Begin PBXVariantGroup section */
		58FBFC1F21EB39F9009D5A52 /* Main.storyboard */ = {
			isa = PBXVariantGroup;
			children = (
				58FBFC2021EB39F9009D5A52 /* Base */,
			);
			name = Main.storyboard;
			sourceTree = "<group>";
		};
		58FBFC2721EB39FA009D5A52 /* LaunchScreen.storyboard */ = {
			isa = PBXVariantGroup;
			children = (
				58FBFC2821EB39FA009D5A52 /* Base */,
			);
			name = LaunchScreen.storyboard;
			sourceTree = "<group>";
		};
/* End PBXVariantGroup section */

/* Begin XCBuildConfiguration section */
		58FBFC2B21EB39FA009D5A52 /* Debug */ = {
			isa = XCBuildConfiguration;
			buildSettings = {
				ALWAYS_SEARCH_USER_PATHS = NO;
				CLANG_ANALYZER_NONNULL = YES;
				CLANG_ANALYZER_NUMBER_OBJECT_CONVERSION = YES_AGGRESSIVE;
				CLANG_CXX_LANGUAGE_STANDARD = "gnu++14";
				CLANG_CXX_LIBRARY = "libc++";
				CLANG_ENABLE_MODULES = YES;
				CLANG_ENABLE_OBJC_ARC = YES;
				CLANG_ENABLE_OBJC_WEAK = YES;
				CLANG_WARN_BLOCK_CAPTURE_AUTORELEASING = YES;
				CLANG_WARN_BOOL_CONVERSION = YES;
				CLANG_WARN_COMMA = YES;
				CLANG_WARN_CONSTANT_CONVERSION = YES;
				CLANG_WARN_DEPRECATED_OBJC_IMPLEMENTATIONS = YES;
				CLANG_WARN_DIRECT_OBJC_ISA_USAGE = YES_ERROR;
				CLANG_WARN_DOCUMENTATION_COMMENTS = YES;
				CLANG_WARN_EMPTY_BODY = YES;
				CLANG_WARN_ENUM_CONVERSION = YES;
				CLANG_WARN_INFINITE_RECURSION = YES;
				CLANG_WARN_INT_CONVERSION = YES;
				CLANG_WARN_NON_LITERAL_NULL_CONVERSION = YES;
				CLANG_WARN_OBJC_IMPLICIT_RETAIN_SELF = YES;
				CLANG_WARN_OBJC_LITERAL_CONVERSION = YES;
				CLANG_WARN_OBJC_ROOT_CLASS = YES_ERROR;
				CLANG_WARN_RANGE_LOOP_ANALYSIS = YES;
				CLANG_WARN_STRICT_PROTOTYPES = YES;
				CLANG_WARN_SUSPICIOUS_MOVE = YES;
				CLANG_WARN_UNGUARDED_AVAILABILITY = YES_AGGRESSIVE;
				CLANG_WARN_UNREACHABLE_CODE = YES;
				CLANG_WARN__DUPLICATE_METHOD_MATCH = YES;
				CODE_SIGN_IDENTITY = "iPhone Developer";
				COPY_PHASE_STRIP = NO;
				DEBUG_INFORMATION_FORMAT = dwarf;
				ENABLE_STRICT_OBJC_MSGSEND = YES;
				ENABLE_TESTABILITY = YES;
				GCC_C_LANGUAGE_STANDARD = gnu11;
				GCC_DYNAMIC_NO_PIC = NO;
				GCC_NO_COMMON_BLOCKS = YES;
				GCC_OPTIMIZATION_LEVEL = 0;
				GCC_PREPROCESSOR_DEFINITIONS = (
					"DEBUG=1",
					"$(inherited)",
				);
				GCC_WARN_64_TO_32_BIT_CONVERSION = YES;
				GCC_WARN_ABOUT_RETURN_TYPE = YES_ERROR;
				GCC_WARN_UNDECLARED_SELECTOR = YES;
				GCC_WARN_UNINITIALIZED_AUTOS = YES_AGGRESSIVE;
				GCC_WARN_UNUSED_FUNCTION = YES;
				GCC_WARN_UNUSED_VARIABLE = YES;
				IPHONEOS_DEPLOYMENT_TARGET = 12.1;
				MTL_ENABLE_DEBUG_INFO = INCLUDE_SOURCE;
				MTL_FAST_MATH = YES;
				ONLY_ACTIVE_ARCH = YES;
				SDKROOT = iphoneos;
				SWIFT_ACTIVE_COMPILATION_CONDITIONS = DEBUG;
				SWIFT_OPTIMIZATION_LEVEL = "-Onone";
			};
			name = Debug;
		};
		58FBFC2C21EB39FA009D5A52 /* Release */ = {
			isa = XCBuildConfiguration;
			buildSettings = {
				ALWAYS_SEARCH_USER_PATHS = NO;
				CLANG_ANALYZER_NONNULL = YES;
				CLANG_ANALYZER_NUMBER_OBJECT_CONVERSION = YES_AGGRESSIVE;
				CLANG_CXX_LANGUAGE_STANDARD = "gnu++14";
				CLANG_CXX_LIBRARY = "libc++";
				CLANG_ENABLE_MODULES = YES;
				CLANG_ENABLE_OBJC_ARC = YES;
				CLANG_ENABLE_OBJC_WEAK = YES;
				CLANG_WARN_BLOCK_CAPTURE_AUTORELEASING = YES;
				CLANG_WARN_BOOL_CONVERSION = YES;
				CLANG_WARN_COMMA = YES;
				CLANG_WARN_CONSTANT_CONVERSION = YES;
				CLANG_WARN_DEPRECATED_OBJC_IMPLEMENTATIONS = YES;
				CLANG_WARN_DIRECT_OBJC_ISA_USAGE = YES_ERROR;
				CLANG_WARN_DOCUMENTATION_COMMENTS = YES;
				CLANG_WARN_EMPTY_BODY = YES;
				CLANG_WARN_ENUM_CONVERSION = YES;
				CLANG_WARN_INFINITE_RECURSION = YES;
				CLANG_WARN_INT_CONVERSION = YES;
				CLANG_WARN_NON_LITERAL_NULL_CONVERSION = YES;
				CLANG_WARN_OBJC_IMPLICIT_RETAIN_SELF = YES;
				CLANG_WARN_OBJC_LITERAL_CONVERSION = YES;
				CLANG_WARN_OBJC_ROOT_CLASS = YES_ERROR;
				CLANG_WARN_RANGE_LOOP_ANALYSIS = YES;
				CLANG_WARN_STRICT_PROTOTYPES = YES;
				CLANG_WARN_SUSPICIOUS_MOVE = YES;
				CLANG_WARN_UNGUARDED_AVAILABILITY = YES_AGGRESSIVE;
				CLANG_WARN_UNREACHABLE_CODE = YES;
				CLANG_WARN__DUPLICATE_METHOD_MATCH = YES;
				CODE_SIGN_IDENTITY = "iPhone Developer";
				COPY_PHASE_STRIP = NO;
				DEBUG_INFORMATION_FORMAT = "dwarf-with-dsym";
				ENABLE_NS_ASSERTIONS = NO;
				ENABLE_STRICT_OBJC_MSGSEND = YES;
				GCC_C_LANGUAGE_STANDARD = gnu11;
				GCC_NO_COMMON_BLOCKS = YES;
				GCC_WARN_64_TO_32_BIT_CONVERSION = YES;
				GCC_WARN_ABOUT_RETURN_TYPE = YES_ERROR;
				GCC_WARN_UNDECLARED_SELECTOR = YES;
				GCC_WARN_UNINITIALIZED_AUTOS = YES_AGGRESSIVE;
				GCC_WARN_UNUSED_FUNCTION = YES;
				GCC_WARN_UNUSED_VARIABLE = YES;
				IPHONEOS_DEPLOYMENT_TARGET = 12.1;
				MTL_ENABLE_DEBUG_INFO = NO;
				MTL_FAST_MATH = YES;
				SDKROOT = iphoneos;
				SWIFT_COMPILATION_MODE = wholemodule;
				SWIFT_OPTIMIZATION_LEVEL = "-O";
				VALIDATE_PRODUCT = YES;
			};
			name = Release;
		};
		58FBFC2E21EB39FA009D5A52 /* Debug */ = {
			isa = XCBuildConfiguration;
			baseConfigurationReference = 48605B8ABD8E9A63DFB4E4DB /* Pods-cats_facts.debug.xcconfig */;
			buildSettings = {
				ASSETCATALOG_COMPILER_APPICON_NAME = AppIcon;
				CODE_SIGN_STYLE = Automatic;
				DEVELOPMENT_TEAM = QKHU8FT2PB;
				INFOPLIST_FILE = cats_facts/Info.plist;
				LD_RUNPATH_SEARCH_PATHS = (
					"$(inherited)",
					"@executable_path/Frameworks",
				);
				PRODUCT_BUNDLE_IDENTIFIER = "com.angelinafriz.cats-facts";
				PRODUCT_NAME = "$(TARGET_NAME)";
				SWIFT_VERSION = 4.2;
				TARGETED_DEVICE_FAMILY = "1,2";
			};
			name = Debug;
		};
		58FBFC2F21EB39FA009D5A52 /* Release */ = {
			isa = XCBuildConfiguration;
			baseConfigurationReference = E479C37A50C8F8579FF1D460 /* Pods-cats_facts.release.xcconfig */;
			buildSettings = {
				ASSETCATALOG_COMPILER_APPICON_NAME = AppIcon;
				CODE_SIGN_STYLE = Automatic;
				DEVELOPMENT_TEAM = QKHU8FT2PB;
				INFOPLIST_FILE = cats_facts/Info.plist;
				LD_RUNPATH_SEARCH_PATHS = (
					"$(inherited)",
					"@executable_path/Frameworks",
				);
				PRODUCT_BUNDLE_IDENTIFIER = "com.angelinafriz.cats-facts";
				PRODUCT_NAME = "$(TARGET_NAME)";
				SWIFT_VERSION = 4.2;
				TARGETED_DEVICE_FAMILY = "1,2";
			};
			name = Release;
		};
/* End XCBuildConfiguration section */

/* Begin XCConfigurationList section */
		58FBFC1321EB39F9009D5A52 /* Build configuration list for PBXProject "cats_facts" */ = {
			isa = XCConfigurationList;
			buildConfigurations = (
				58FBFC2B21EB39FA009D5A52 /* Debug */,
				58FBFC2C21EB39FA009D5A52 /* Release */,
			);
			defaultConfigurationIsVisible = 0;
			defaultConfigurationName = Release;
		};
		58FBFC2D21EB39FA009D5A52 /* Build configuration list for PBXNativeTarget "cats_facts" */ = {
			isa = XCConfigurationList;
			buildConfigurations = (
				58FBFC2E21EB39FA009D5A52 /* Debug */,
				58FBFC2F21EB39FA009D5A52 /* Release */,
			);
			defaultConfigurationIsVisible = 0;
			defaultConfigurationName = Release;
		};
/* End XCConfigurationList section */
	};
	rootObject = 58FBFC1021EB39F9009D5A52 /* Project object */;
}
